{
  "requires": true,
  "lockfileVersion": 1,
  "dependencies": {
    "axios": {
      "version": "0.19.2",
      "resolved": "https://registry.npmjs.org/axios/-/axios-0.19.2.tgz",
      "integrity": "sha512-fjgm5MvRHLhx+osE2xoekY70AhARk3a6hkN+3Io1jc00jtquGvxYlKlsFUhmUET0V5te6CcZI7lcv2Ym61mjHA==",
      "requires": {
        "follow-redirects": "1.5.10"
      }
    },
    "blueimp-canvas-to-blob": {
      "version": "3.27.0",
      "resolved": "https://registry.npmjs.org/blueimp-canvas-to-blob/-/blueimp-canvas-to-blob-3.27.0.tgz",
      "integrity": "sha512-AcIj+hCw6WquxzJuzC6KzgYmqxLFeTWe88KuY2BEIsW1zbEOfoinDAGlhyvFNGt+U3JElkVSK7anA1FaSdmmfA==",
      "optional": true
    },
    "blueimp-file-upload": {
      "version": "10.31.0",
      "resolved": "https://registry.npmjs.org/blueimp-file-upload/-/blueimp-file-upload-10.31.0.tgz",
      "integrity": "sha512-dGAxOf9+SsMDvZPTsIUpe0cOk57taMJYE3FocHEUebhn5BnDbu1hcWOmrP8oswIe6V61Qcm9UDuhq/Pv1t/eRw==",
      "requires": {
        "blueimp-canvas-to-blob": "3",
        "blueimp-load-image": "5",
        "blueimp-tmpl": "3"
      }
    },
    "blueimp-load-image": {
      "version": "5.13.0",
      "resolved": "https://registry.npmjs.org/blueimp-load-image/-/blueimp-load-image-5.13.0.tgz",
      "integrity": "sha512-CMmLihVqW0AtRGObKIRxYaVUj+2hw2MkeNHoD2JuobpKZFnCCUVCBIeyYkh8xiq3DHIfHfvsp9l0VpM30k3EXQ==",
      "optional": true
    },
    "blueimp-tmpl": {
      "version": "3.17.0",
      "resolved": "https://registry.npmjs.org/blueimp-tmpl/-/blueimp-tmpl-3.17.0.tgz",
      "integrity": "sha512-rqj27a+sA+HFMK+96MXSnhoFhQ+sbI7/6ktcEZ1Z0wXQ6Z9Tr2NJm6W1OUQs20CBxuGeMhWtcHIHS/bHeE0B3Q==",
      "optional": true
    },
    "bootstrap-select": {
      "version": "1.13.17",
      "resolved": "https://registry.npmjs.org/bootstrap-select/-/bootstrap-select-1.13.17.tgz",
      "integrity": "sha512-LbzSQumoZNYGuoYMpShKIHbJ2qUWFLI0qVHVeKqw5+nfhtMxz+Gre1+IuI3X74bTzQfalBqDKc8fS8tZMdciWg=="
    },
    "datatables.net": {
      "version": "1.10.21",
      "resolved": "https://registry.npmjs.org/datatables.net/-/datatables.net-1.10.21.tgz",
      "integrity": "sha512-/bSZtxmf3GTpYcvEmwZ8q26I1yhSx8qklR2B+s1K8+/51UW/zc2zTYwJMqr/Z+iCYixAc00ildj4g2x0Qamolw==",
      "requires": {
        "jquery": ">=1.7"
      }
    },
    "datatables.net-bs4": {
      "version": "1.10.21",
      "resolved": "https://registry.npmjs.org/datatables.net-bs4/-/datatables.net-bs4-1.10.21.tgz",
      "integrity": "sha512-F9zabYw8ZLXfjvj2S+BdnbkEUsL48bJwWxQFrA47cOXrIvsMhW8nmqPZcIMK4ko3k1i74nbpWLO1t+vueQKoXQ==",
      "requires": {
        "datatables.net": "1.10.21",
        "jquery": ">=1.7"
      }
    },
    "datatables.net-buttons": {
      "version": "1.6.2",
      "resolved": "https://registry.npmjs.org/datatables.net-buttons/-/datatables.net-buttons-1.6.2.tgz",
      "integrity": "sha512-0sKWBBwtCCECRc4T+fUDhFCJv9miLPrB90QsVYq4ep0hIMuWiW76+eCdykZq5yd/3m7K1O+ryt9c7PahBDf91g==",
      "requires": {
        "datatables.net": "^1.10.15",
        "jquery": ">=1.7"
      }
    },
    "datatables.net-fixedheader": {
      "version": "3.1.7",
      "resolved": "https://registry.npmjs.org/datatables.net-fixedheader/-/datatables.net-fixedheader-3.1.7.tgz",
      "integrity": "sha512-WN2UFDn/i/6NAXMjyfd67Yfwm5lIdP8e1N1rBqQ30izZ8IituJKDFffVTi0y5S3SiwZzCpKFRvdLEehFtCaQng==",
      "requires": {
        "datatables.net": "^1.10.15",
        "jquery": ">=1.7"
      }
    },
    "datatables.net-fixedheader-bs4": {
      "version": "3.1.7",
      "resolved": "https://registry.npmjs.org/datatables.net-fixedheader-bs4/-/datatables.net-fixedheader-bs4-3.1.7.tgz",
      "integrity": "sha512-ahaiBOJ7OeJSMLUll7zXA03j1dvuHC3BvlCQhDZkG+vDrfGFdldd6zOhjPRdHZpmLArGGB6V270Rml8Yst3opg==",
      "requires": {
        "datatables.net-bs4": "^1.10.15",
        "datatables.net-fixedheader": "3.1.7",
        "jquery": ">=1.7"
      }
    },
    "datatables.net-responsive": {
      "version": "2.2.5",
      "resolved": "https://registry.npmjs.org/datatables.net-responsive/-/datatables.net-responsive-2.2.5.tgz",
      "integrity": "sha512-AuF28BJRQWfke0cwZwgJB5+WHgoDCDAnW59TJWX4JAXYes3iFrJA6mNHWw46Up3bqUJVI2ZxJoKTGpoEHm5hNA==",
      "requires": {
        "datatables.net": "^1.10.15",
        "jquery": ">=1.7"
      }
    },
    "datatables.net-select": {
      "version": "1.3.1",
      "resolved": "https://registry.npmjs.org/datatables.net-select/-/datatables.net-select-1.3.1.tgz",
      "integrity": "sha512-PeVd/hlAX58QzL0+mGvxnXP7ylLtzZMeAots/uZkQi+6c/KI6JuP8LCJoEMHAsSjQM/BnG7Uw8E1YGOz1tZpQQ==",
      "requires": {
        "datatables.net": "^1.10.15",
        "jquery": ">=1.7"
      }
    },
    "debug": {
      "version": "3.1.0",
      "resolved": "https://registry.npmjs.org/debug/-/debug-3.1.0.tgz",
      "integrity": "sha512-OX8XqP7/1a9cqkxYw2yXss15f26NKWBpDXQd0/uK/KPqdQhxbPa994hnzjcE2VqQpDslf55723cKPUOGSmMY3g==",
      "requires": {
        "ms": "2.0.0"
      }
    },
    "follow-redirects": {
      "version": "1.5.10",
      "resolved": "https://registry.npmjs.org/follow-redirects/-/follow-redirects-1.5.10.tgz",
      "integrity": "sha512-0V5l4Cizzvqt5D44aTXbFZz+FtyXV1vrDN6qrelxtfYQKW0KO0W2T/hkE8xvGa/540LkZlkaUjO4ailYTFtHVQ==",
      "requires": {
        "debug": "=3.1.0"
      }
    },
    "jquery": {
      "version": "3.5.1",
      "resolved": "https://registry.npmjs.org/jquery/-/jquery-3.5.1.tgz",
      "integrity": "sha512-XwIBPqcMn57FxfT+Go5pzySnm4KWkT1Tv7gjrpT1srtf8Weynl6R273VJ5GjkRb51IzMp5nbaPjJXMWeju2MKg=="
    },
    "jquery-easy-loading": {
      "version": "2.0.0-rc.2",
      "resolved": "https://registry.npmjs.org/jquery-easy-loading/-/jquery-easy-loading-2.0.0-rc.2.tgz",
      "integrity": "sha512-onWOmVz81OIK/DS0Z5aZiYfcPdwv7RX2N31kC8VJqY5UV0Sxe0kkl+Tlv1Fa1GaGnh4Px7WA9nbWcMfnNKLb6A=="
    },
    "jquery-validation": {
      "version": "1.19.2",
      "resolved": "https://registry.npmjs.org/jquery-validation/-/jquery-validation-1.19.2.tgz",
      "integrity": "sha512-yHaAqOGaAB7+p2u5lpzhhQVt3CBMUw3fHcuCJ7nXmXz0LWLHPN7yOhwnocp5nrn2SmnXR1jpV+whx2j1kLz1tQ=="
    },
    "moment": {
      "version": "2.27.0",
      "resolved": "https://registry.npmjs.org/moment/-/moment-2.27.0.tgz",
      "integrity": "sha512-al0MUK7cpIcglMv3YF13qSgdAIqxHTO7brRtaz3DlSULbqfazqkc5kEjNrLDOM7fsjshoFIihnU8snrP7zUvhQ=="
    },
    "ms": {
      "version": "2.0.0",
      "resolved": "https://registry.npmjs.org/ms/-/ms-2.0.0.tgz",
      "integrity": "sha1-VgiurfwAvmwpAd9fmGF4jeDVl8g="
    },
    "sweetalert2": {
      "version": "9.14.4",
      "resolved": "https://registry.npmjs.org/sweetalert2/-/sweetalert2-9.14.4.tgz",
      "integrity": "sha512-+uqlHoK6BKgB2x9nhHFkNaugCfUnAJqZajtWPFVAP1B7a8PZ4ZUnjWjlFtjuJPWiXNu2s1XdACjnwP+PMXMlrg=="
    }
  }
}
